
Microsoft Visual Studio Solution File, Format Version 12.00
Project("{FAE04EC0-301F-11D3-BF4B-00C04F79EFBC}") = "ChatApp", "ChatApp.csproj", "{8FD4D8BA-2A22-420A-9445-0091D4169172}"
EndProject
Global
	GlobalSection(SolutionConfigurationPlatforms) = preSolution
		Debug|Any CPU = Debug|Any CPU
		Release|Any CPU = Release|Any CPU
	EndGlobalSection
	GlobalSection(ProjectConfigurationPlatforms) = postSolution
		{8FD4D8BA-2A22-420A-9445-0091D4169172}.Debug|Any CPU.ActiveCfg = Debug|Any CPU
		{8FD4D8BA-2A22-420A-9445-0091D4169172}.Debug|Any CPU.Build.0 = Debug|Any CPU
		{8FD4D8BA-2A22-420A-9445-0091D4169172}.Release|Any CPU.ActiveCfg = Release|Any CPU
		{8FD4D8BA-2A22-420A-9445-0091D4169172}.Release|Any CPU.Build.0 = Release|Any CPU
	EndGlobalSection
EndGlobal
